
Microsoft Visual Studio Solution File, Format Version 12.00
# Visual Studio Version 17
VisualStudioVersion = 17.8.34316.72
MinimumVisualStudioVersion = 10.0.40219.1
Project("{FAE04EC0-301F-11D3-BF4B-00C04F79EFBC}") = "Novo Desligamento Automático", "Novo Desligamento Automático.csproj", "{0B5AB210-ED56-436E-B9AE-74A620BA98F7}"
EndProject
Global
	GlobalSection(SolutionConfigurationPlatforms) = preSolution
		Debug|Any CPU = Debug|Any CPU
		Release|Any CPU = Release|Any CPU
	EndGlobalSection
	GlobalSection(ProjectConfigurationPlatforms) = postSolution
		{0B5AB210-ED56-436E-B9AE-74A620BA98F7}.Debug|Any CPU.ActiveCfg = Debug|Any CPU
		{0B5AB210-ED56-436E-B9AE-74A620BA98F7}.Debug|Any CPU.Build.0 = Debug|Any CPU
		{0B5AB210-ED56-436E-B9AE-74A620BA98F7}.Release|Any CPU.ActiveCfg = Release|Any CPU
		{0B5AB210-ED56-436E-B9AE-74A620BA98F7}.Release|Any CPU.Build.0 = Release|Any CPU
	EndGlobalSection
	GlobalSection(SolutionProperties) = preSolution
		HideSolutionNode = FALSE
	EndGlobalSection
	GlobalSection(ExtensibilityGlobals) = postSolution
		SolutionGuid = {9403B65E-23A3-4212-B963-ABB89FDBF166}
	EndGlobalSection
EndGlobal
